
Microsoft Visual Studio Solution File, Format Version 12.00
# Visual Studio Version 17
VisualStudioVersion = 17.7.34003.232
MinimumVisualStudioVersion = 10.0.40219.1
Project("{FAE04EC0-301F-11D3-BF4B-00C04F79EFBC}") = "os33", "os33\os33.csproj", "{6B77FD0B-F5AE-4F53-9686-1BF0AD412472}"
EndProject
Global
	GlobalSection(SolutionConfigurationPlatforms) = preSolution
		Debug|Any CPU = Debug|Any CPU
		Release|Any CPU = Release|Any CPU
	EndGlobalSection
	GlobalSection(ProjectConfigurationPlatforms) = postSolution
		{6B77FD0B-F5AE-4F53-9686-1BF0AD412472}.Debug|Any CPU.ActiveCfg = Debug|Any CPU
		{6B77FD0B-F5AE-4F53-9686-1BF0AD412472}.Debug|Any CPU.Build.0 = Debug|Any CPU
		{6B77FD0B-F5AE-4F53-9686-1BF0AD412472}.Release|Any CPU.ActiveCfg = Release|Any CPU
		{6B77FD0B-F5AE-4F53-9686-1BF0AD412472}.Release|Any CPU.Build.0 = Release|Any CPU
	EndGlobalSection
	GlobalSection(SolutionProperties) = preSolution
		HideSolutionNode = FALSE
	EndGlobalSection
	GlobalSection(ExtensibilityGlobals) = postSolution
		SolutionGuid = {E7F06029-5D18-42C5-9BF6-1C5DC71BA256}
	EndGlobalSection
EndGlobal
